{
  "version": 4,
  "terraform_version": "1.5.7",
  "serial": 687,
  "lineage": "d7851827-8a98-6a11-0d0a-5eb21eaf6d31",
  "outputs": {},
  "resources": [
    {
      "mode": "managed",
      "type": "aws_opensearchserverless_collection",
      "name": "opensearch_collection",
      "provider": "provider[\"registry.terraform.io/hashicorp/aws\"].another_region",
      "instances": [
        {
          "schema_version": 0,
          "attributes": {
            "arn": "arn:aws:aoss:us-west-2:523753954008:collection/ekcdz9p874agzgznpa2c",
            "collection_endpoint": "https://ekcdz9p874agzgznpa2c.us-west-2.aoss.amazonaws.com",
            "dashboard_endpoint": "https://ekcdz9p874agzgznpa2c.us-west-2.aoss.amazonaws.com/_dashboards",
            "description": "OpenSearch Serverless collection for thesis env environment",
            "id": "ekcdz9p874agzgznpa2c",
            "kms_key_arn": "auto",
            "name": "thesis-env-osc",
            "standby_replicas": "DISABLED",
            "tags": null,
            "tags_all": {
              "Owner": "m.paciotti@reply.it",
              "application": "thesis",
              "environment": "env"
            },
            "timeouts": null,
            "type": "VECTORSEARCH"
          },
          "sensitive_attributes": [],
          "dependencies": [
            "aws_opensearchserverless_security_policy.collection_encryption_policy",
            "aws_opensearchserverless_security_policy.collection_network_policy"
          ]
        }
      ]
    },
    {
      "mode": "managed",
      "type": "aws_opensearchserverless_security_policy",
      "name": "collection_encryption_policy",
      "provider": "provider[\"registry.terraform.io/hashicorp/aws\"].another_region",
      "instances": [
        {
          "schema_version": 0,
          "attributes": {
            "description": null,
            "id": "thesis-env-oc-policy",
            "name": "thesis-env-oc-policy",
            "policy": "{\"AWSOwnedKey\":true,\"Rules\":[{\"Resource\":[\"collection/thesis-env-osc\"],\"ResourceType\":\"collection\"}]}",
            "policy_version": "MTcyOTE3MDIzNDI2NV8x",
            "type": "encryption"
          },
          "sensitive_attributes": []
        }
      ]
    },
    {
      "mode": "managed",
      "type": "aws_opensearchserverless_security_policy",
      "name": "collection_network_policy",
      "provider": "provider[\"registry.terraform.io/hashicorp/aws\"].another_region",
      "instances": [
        {
          "schema_version": 0,
          "attributes": {
            "description": null,
            "id": "thesis-env-oc-net-policy",
            "name": "thesis-env-oc-net-policy",
            "policy": "[{\"AllowFromPublic\":true,\"Description\":\"Public access for thesis-env collection\",\"Rules\":[{\"Resource\":[\"collection/thesis-env-osc\"],\"ResourceType\":\"dashboard\"},{\"Resource\":[\"collection/thesis-env-osc\"],\"ResourceType\":\"collection\"}]}]",
            "policy_version": "MTcyOTE3MDIzNDI3MV8x",
            "type": "network"
          },
          "sensitive_attributes": []
        }
      ]
    }
  ],
  "check_results": null
}
